
Microsoft Visual Studio Solution File, Format Version 12.00
# Visual Studio Version 17
VisualStudioVersion = 17.4.33122.133
MinimumVisualStudioVersion = 10.0.40219.1
Project("{FAE04EC0-301F-11D3-BF4B-00C04F79EFBC}") = "UiandApiTest", "UiandApiTest\UiandApiTest.csproj", "{10672527-1A3B-4AFC-8A87-A6203C3971E6}"
EndProject
Project("{911E67C6-3D85-4FCE-B560-20A9C3E3FF48}") = "AccessDatabaseEngine_X64", "..\..\..\Downloads\AccessDatabaseEngine_X64.exe", "{C9EC56A6-5570-4BC3-8443-3793C3DEFA5A}"
	ProjectSection(DebuggerProjectSystem) = preProject
		PortSupplier = 00000000-0000-0000-0000-000000000000
		Executable = C:\Users\PREKSHA\Downloads\AccessDatabaseEngine_X64.exe
		RemoteMachine = DESKTOP-92J101I
		StartingDirectory = C:\Users\PREKSHA\Downloads
		Environment = Default
		LaunchingEngine = 00000000-0000-0000-0000-000000000000
		UseLegacyDebugEngines = No
		LaunchSQLEngine = No
		AttachLaunchAction = No
		IORedirection = Auto
	EndProjectSection
EndProject
Global
	GlobalSection(SolutionConfigurationPlatforms) = preSolution
		Debug|Any CPU = Debug|Any CPU
		Debug|x86 = Debug|x86
		Release|Any CPU = Release|Any CPU
		Release|x86 = Release|x86
	EndGlobalSection
	GlobalSection(ProjectConfigurationPlatforms) = postSolution
		{10672527-1A3B-4AFC-8A87-A6203C3971E6}.Debug|Any CPU.ActiveCfg = Debug|Any CPU
		{10672527-1A3B-4AFC-8A87-A6203C3971E6}.Debug|Any CPU.Build.0 = Debug|Any CPU
		{10672527-1A3B-4AFC-8A87-A6203C3971E6}.Debug|x86.ActiveCfg = Debug|Any CPU
		{10672527-1A3B-4AFC-8A87-A6203C3971E6}.Debug|x86.Build.0 = Debug|Any CPU
		{10672527-1A3B-4AFC-8A87-A6203C3971E6}.Release|Any CPU.ActiveCfg = Release|Any CPU
		{10672527-1A3B-4AFC-8A87-A6203C3971E6}.Release|Any CPU.Build.0 = Release|Any CPU
		{10672527-1A3B-4AFC-8A87-A6203C3971E6}.Release|x86.ActiveCfg = Release|Any CPU
		{10672527-1A3B-4AFC-8A87-A6203C3971E6}.Release|x86.Build.0 = Release|Any CPU
		{C9EC56A6-5570-4BC3-8443-3793C3DEFA5A}.Debug|Any CPU.ActiveCfg = Release|x86
		{C9EC56A6-5570-4BC3-8443-3793C3DEFA5A}.Debug|x86.ActiveCfg = Release|x86
		{C9EC56A6-5570-4BC3-8443-3793C3DEFA5A}.Release|Any CPU.ActiveCfg = Release|x86
		{C9EC56A6-5570-4BC3-8443-3793C3DEFA5A}.Release|x86.ActiveCfg = Release|x86
	EndGlobalSection
	GlobalSection(SolutionProperties) = preSolution
		HideSolutionNode = FALSE
	EndGlobalSection
	GlobalSection(ExtensibilityGlobals) = postSolution
		SolutionGuid = {48BAAF9A-2A48-4587-AC47-3F78D733E709}
	EndGlobalSection
EndGlobal
